Microsoft Visual Studio Solution File, Format Version 11.00
# Visual Studio 2010
Project("{FAE04EC0-301F-11D3-BF4B-00C04F79EFBC}") = "Forwarder", "Forwarder\Forwarder.csproj", "{7E4248D7-594E-49F4-B093-F44CFE1A7B76}"
EndProject
Project("{FAE04EC0-301F-11D3-BF4B-00C04F79EFBC}") = "DataObjects Inventory", "DataObjects Inventory\DataObjects Inventory.csproj", "{98B7F5B1-2F87-4E62-B2BF-926975D02C73}"
EndProject
Project("{FAE04EC0-301F-11D3-BF4B-00C04F79EFBC}") = "DataObjects Sales", "DataObjects Sales\DataObjects Sales.csproj", "{8B8665AF-61C0-4290-A18C-8DF9345DD064}"
EndProject
Project("{FAE04EC0-301F-11D3-BF4B-00C04F79EFBC}") = "VersionChecker", "VersionChecker\VersionChecker.csproj", "{77059E88-4D13-4F86-B818-E2C7725BF32D}"
EndProject
Project("{FAE04EC0-301F-11D3-BF4B-00C04F79EFBC}") = "RestoPlusClient", "RestoPlus\RestoPlusClient.csproj", "{40A282F6-40EA-4759-9734-768562ABD271}"
EndProject
Project("{FAE04EC0-301F-11D3-BF4B-00C04F79EFBC}") = "RetailPlusMonitor", "RetailPlusMonitor\RetailPlusMonitor.csproj", "{DA94741F-0A3E-492A-B398-225ED4998532}"
EndProject
Project("{FAE04EC0-301F-11D3-BF4B-00C04F79EFBC}") = "DataObjects CreditBilling", "DataObjects CreditBilling\DataObjects CreditBilling.csproj", "{FC841185-222E-41F4-9059-D5A28613FA05}"
EndProject
Project("{FAE04EC0-301F-11D3-BF4B-00C04F79EFBC}") = "RetailPlusCreditBiller", "RetailPlusCreditBiller\RetailPlusCreditBiller.csproj", "{ED545D9D-2077-4468-87BD-1B138902E2EC}"
EndProject
Project("{FAE04EC0-301F-11D3-BF4B-00C04F79EFBC}") = "Company Library", "company\Company Library.csproj", "{810E3EE7-4E46-4DEC-85ED-2AAA53D5C531}"
EndProject
Project("{FAE04EC0-301F-11D3-BF4B-00C04F79EFBC}") = "Security Library", "security library\Security Library.csproj", "{88C68179-9BB1-4A08-92E7-7B003449A2AE}"
EndProject
Project("{C8D11400-126E-41CD-887F-60BD40844F9E}") = "Database", "database\Database.dbproj", "{67CBC824-A49E-4E9B-A947-360F3DFE65C3}"
EndProject
Project("{FAE04EC0-301F-11D3-BF4B-00C04F79EFBC}") = "DBConnection", "dbconnection\DBConnection.csproj", "{18F0CB07-90C3-4DAC-9241-3F13052FBEED}"
EndProject
Project("{FAE04EC0-301F-11D3-BF4B-00C04F79EFBC}") = "KeyBoardHook", "keyboardhook\KeyBoardHook.csproj", "{9813D3AA-2725-4061-8FDA-4F937651D63C}"
EndProject
Project("{FAE04EC0-301F-11D3-BF4B-00C04F79EFBC}") = "DataObjects Accounts", "DataObjects Accounts\DataObjects Accounts.csproj", "{4CBAE4B5-2073-43AB-9EC4-981D2CA31DCC}"
EndProject
Project("{FAE04EC0-301F-11D3-BF4B-00C04F79EFBC}") = "DataObjects", "dataobjects\DataObjects.csproj", "{75D37B92-76F5-4C25-AF1A-394619DE4835}"
EndProject
Project("{FAE04EC0-301F-11D3-BF4B-00C04F79EFBC}") = "ClientLibrary", "clientlibrary\ClientLibrary.csproj", "{E7C7F8AC-A57A-47A4-84CD-A0DDB2FD9C53}"
EndProject
Project("{FAE04EC0-301F-11D3-BF4B-00C04F79EFBC}") = "AceSoft", "logistics\AceSoft.csproj", "{A800354C-F064-4836-9178-1DC7B752822E}"
EndProject
Project("{FAE04EC0-301F-11D3-BF4B-00C04F79EFBC}") = "Registration Key", "registration key\Registration Key.csproj", "{C5619B46-0E57-4C27-A365-03164DF22CC6}"
EndProject
Project("{FAE04EC0-301F-11D3-BF4B-00C04F79EFBC}") = "WebLibrary", "weblibrary\WebLibrary.csproj", "{2B244CBF-51A8-46FC-9983-3837462A5535}"
EndProject
Project("{FAE04EC0-301F-11D3-BF4B-00C04F79EFBC}") = "RetailPlusClient", "RetailPlusClient\RetailPlusClient.csproj", "{CD4C4379-ECC7-4EB1-9560-AE7515E81CF8}"
EndProject
Project("{FAE04EC0-301F-11D3-BF4B-00C04F79EFBC}") = "RetailPlus", "RetailPlus\RetailPlus.csproj", "{AF86DA73-653C-42EA-B9BA-074135F25F9D}"
EndProject
Project("{FAE04EC0-301F-11D3-BF4B-00C04F79EFBC}") = "Report Library", "report library\Report Library.csproj", "{E43FD0B2-AF54-49AD-9FCD-BC3B67EE16F9}"
EndProject
Project("{FAE04EC0-301F-11D3-BF4B-00C04F79EFBC}") = "Test", "test\Test.csproj", "{EACEEB30-0805-4B43-8797-46FEDFA28AC5}"
EndProject
Project("{FAE04EC0-301F-11D3-BF4B-00C04F79EFBC}") = "HD Serial Generator", "HD Serial Generator\HD Serial Generator.csproj", "{F38B9A37-4DB3-4E9C-9684-AECFDE02696B}"
EndProject
Global
	GlobalSection(SubversionScc) = preSolution
		Svn-Managed = True
		Manager = AnkhSVN - Subversion Support for Visual Studio
	EndGlobalSection
	GlobalSection(SolutionConfigurationPlatforms) = preSolution
		Debug|.NET = Debug|.NET
		Debug|Any CPU = Debug|Any CPU
		Debug|Mixed Platforms = Debug|Mixed Platforms
		Debug|x86 = Debug|x86
		Release|.NET = Release|.NET
		Release|Any CPU = Release|Any CPU
		Release|Mixed Platforms = Release|Mixed Platforms
		Release|x86 = Release|x86
	EndGlobalSection
	GlobalSection(ProjectConfigurationPlatforms) = postSolution
		{7E4248D7-594E-49F4-B093-F44CFE1A7B76}.Debug|.NET.ActiveCfg = Debug|Any CPU
		{7E4248D7-594E-49F4-B093-F44CFE1A7B76}.Debug|Any CPU.ActiveCfg = Debug|Any CPU
		{7E4248D7-594E-49F4-B093-F44CFE1A7B76}.Debug|Any CPU.Build.0 = Debug|Any CPU
		{7E4248D7-594E-49F4-B093-F44CFE1A7B76}.Debug|Mixed Platforms.ActiveCfg = Debug|Any CPU
		{7E4248D7-594E-49F4-B093-F44CFE1A7B76}.Debug|Mixed Platforms.Build.0 = Debug|Any CPU
		{7E4248D7-594E-49F4-B093-F44CFE1A7B76}.Debug|x86.ActiveCfg = Debug|Any CPU
		{7E4248D7-594E-49F4-B093-F44CFE1A7B76}.Release|.NET.ActiveCfg = Release|Any CPU
		{7E4248D7-594E-49F4-B093-F44CFE1A7B76}.Release|Any CPU.ActiveCfg = Release|Any CPU
		{7E4248D7-594E-49F4-B093-F44CFE1A7B76}.Release|Any CPU.Build.0 = Release|Any CPU
		{7E4248D7-594E-49F4-B093-F44CFE1A7B76}.Release|Mixed Platforms.ActiveCfg = Release|Any CPU
		{7E4248D7-594E-49F4-B093-F44CFE1A7B76}.Release|Mixed Platforms.Build.0 = Release|Any CPU
		{7E4248D7-594E-49F4-B093-F44CFE1A7B76}.Release|x86.ActiveCfg = Release|Any CPU
		{98B7F5B1-2F87-4E62-B2BF-926975D02C73}.Debug|.NET.ActiveCfg = Debug|Any CPU
		{98B7F5B1-2F87-4E62-B2BF-926975D02C73}.Debug|Any CPU.ActiveCfg = Debug|Any CPU
		{98B7F5B1-2F87-4E62-B2BF-926975D02C73}.Debug|Any CPU.Build.0 = Debug|Any CPU
		{98B7F5B1-2F87-4E62-B2BF-926975D02C73}.Debug|Mixed Platforms.ActiveCfg = Debug|Any CPU
		{98B7F5B1-2F87-4E62-B2BF-926975D02C73}.Debug|Mixed Platforms.Build.0 = Debug|Any CPU
		{98B7F5B1-2F87-4E62-B2BF-926975D02C73}.Debug|x86.ActiveCfg = Debug|Any CPU
		{98B7F5B1-2F87-4E62-B2BF-926975D02C73}.Release|.NET.ActiveCfg = Release|Any CPU
		{98B7F5B1-2F87-4E62-B2BF-926975D02C73}.Release|Any CPU.ActiveCfg = Release|Any CPU
		{98B7F5B1-2F87-4E62-B2BF-926975D02C73}.Release|Any CPU.Build.0 = Release|Any CPU
		{98B7F5B1-2F87-4E62-B2BF-926975D02C73}.Release|Mixed Platforms.ActiveCfg = Release|Any CPU
		{98B7F5B1-2F87-4E62-B2BF-926975D02C73}.Release|Mixed Platforms.Build.0 = Release|Any CPU
		{98B7F5B1-2F87-4E62-B2BF-926975D02C73}.Release|x86.ActiveCfg = Release|Any CPU
		{8B8665AF-61C0-4290-A18C-8DF9345DD064}.Debug|.NET.ActiveCfg = Debug|Any CPU
		{8B8665AF-61C0-4290-A18C-8DF9345DD064}.Debug|Any CPU.ActiveCfg = Debug|Any CPU
		{8B8665AF-61C0-4290-A18C-8DF9345DD064}.Debug|Any CPU.Build.0 = Debug|Any CPU
		{8B8665AF-61C0-4290-A18C-8DF9345DD064}.Debug|Mixed Platforms.ActiveCfg = Debug|Any CPU
		{8B8665AF-61C0-4290-A18C-8DF9345DD064}.Debug|Mixed Platforms.Build.0 = Debug|Any CPU
		{8B8665AF-61C0-4290-A18C-8DF9345DD064}.Debug|x86.ActiveCfg = Debug|Any CPU
		{8B8665AF-61C0-4290-A18C-8DF9345DD064}.Release|.NET.ActiveCfg = Release|Any CPU
		{8B8665AF-61C0-4290-A18C-8DF9345DD064}.Release|Any CPU.ActiveCfg = Release|Any CPU
		{8B8665AF-61C0-4290-A18C-8DF9345DD064}.Release|Any CPU.Build.0 = Release|Any CPU
		{8B8665AF-61C0-4290-A18C-8DF9345DD064}.Release|Mixed Platforms.ActiveCfg = Release|Any CPU
		{8B8665AF-61C0-4290-A18C-8DF9345DD064}.Release|Mixed Platforms.Build.0 = Release|Any CPU
		{8B8665AF-61C0-4290-A18C-8DF9345DD064}.Release|x86.ActiveCfg = Release|Any CPU
		{77059E88-4D13-4F86-B818-E2C7725BF32D}.Debug|.NET.ActiveCfg = Debug|Any CPU
		{77059E88-4D13-4F86-B818-E2C7725BF32D}.Debug|Any CPU.ActiveCfg = Debug|Any CPU
		{77059E88-4D13-4F86-B818-E2C7725BF32D}.Debug|Any CPU.Build.0 = Debug|Any CPU
		{77059E88-4D13-4F86-B818-E2C7725BF32D}.Debug|Mixed Platforms.ActiveCfg = Debug|Any CPU
		{77059E88-4D13-4F86-B818-E2C7725BF32D}.Debug|Mixed Platforms.Build.0 = Debug|Any CPU
		{77059E88-4D13-4F86-B818-E2C7725BF32D}.Debug|Mixed Platforms.Deploy.0 = Debug|Any CPU
		{77059E88-4D13-4F86-B818-E2C7725BF32D}.Debug|x86.ActiveCfg = Debug|Any CPU
		{77059E88-4D13-4F86-B818-E2C7725BF32D}.Release|.NET.ActiveCfg = Release|Any CPU
		{77059E88-4D13-4F86-B818-E2C7725BF32D}.Release|Any CPU.ActiveCfg = Release|Any CPU
		{77059E88-4D13-4F86-B818-E2C7725BF32D}.Release|Any CPU.Build.0 = Release|Any CPU
		{77059E88-4D13-4F86-B818-E2C7725BF32D}.Release|Mixed Platforms.ActiveCfg = Release|Any CPU
		{77059E88-4D13-4F86-B818-E2C7725BF32D}.Release|Mixed Platforms.Build.0 = Release|Any CPU
		{77059E88-4D13-4F86-B818-E2C7725BF32D}.Release|x86.ActiveCfg = Release|Any CPU
		{77059E88-4D13-4F86-B818-E2C7725BF32D}.Release|x86.Build.0 = Release|Any CPU
		{40A282F6-40EA-4759-9734-768562ABD271}.Debug|.NET.ActiveCfg = Debug|Any CPU
		{40A282F6-40EA-4759-9734-768562ABD271}.Debug|Any CPU.ActiveCfg = Debug|Any CPU
		{40A282F6-40EA-4759-9734-768562ABD271}.Debug|Any CPU.Build.0 = Debug|Any CPU
		{40A282F6-40EA-4759-9734-768562ABD271}.Debug|Mixed Platforms.ActiveCfg = Debug|Any CPU
		{40A282F6-40EA-4759-9734-768562ABD271}.Debug|Mixed Platforms.Build.0 = Debug|Any CPU
		{40A282F6-40EA-4759-9734-768562ABD271}.Debug|x86.ActiveCfg = Debug|Any CPU
		{40A282F6-40EA-4759-9734-768562ABD271}.Release|.NET.ActiveCfg = Release|Any CPU
		{40A282F6-40EA-4759-9734-768562ABD271}.Release|Any CPU.ActiveCfg = Release|Any CPU
		{40A282F6-40EA-4759-9734-768562ABD271}.Release|Any CPU.Build.0 = Release|Any CPU
		{40A282F6-40EA-4759-9734-768562ABD271}.Release|Mixed Platforms.ActiveCfg = Release|Any CPU
		{40A282F6-40EA-4759-9734-768562ABD271}.Release|Mixed Platforms.Build.0 = Release|Any CPU
		{40A282F6-40EA-4759-9734-768562ABD271}.Release|x86.ActiveCfg = Release|Any CPU
		{40A282F6-40EA-4759-9734-768562ABD271}.Release|x86.Build.0 = Release|Any CPU
		{DA94741F-0A3E-492A-B398-225ED4998532}.Debug|.NET.ActiveCfg = Debug|Any CPU
		{DA94741F-0A3E-492A-B398-225ED4998532}.Debug|Any CPU.ActiveCfg = Debug|Any CPU
		{DA94741F-0A3E-492A-B398-225ED4998532}.Debug|Any CPU.Build.0 = Debug|Any CPU
		{DA94741F-0A3E-492A-B398-225ED4998532}.Debug|Mixed Platforms.ActiveCfg = Debug|Any CPU
		{DA94741F-0A3E-492A-B398-225ED4998532}.Debug|Mixed Platforms.Build.0 = Debug|Any CPU
		{DA94741F-0A3E-492A-B398-225ED4998532}.Debug|x86.ActiveCfg = Debug|Any CPU
		{DA94741F-0A3E-492A-B398-225ED4998532}.Release|.NET.ActiveCfg = Release|Any CPU
		{DA94741F-0A3E-492A-B398-225ED4998532}.Release|Any CPU.ActiveCfg = Release|Any CPU
		{DA94741F-0A3E-492A-B398-225ED4998532}.Release|Any CPU.Build.0 = Release|Any CPU
		{DA94741F-0A3E-492A-B398-225ED4998532}.Release|Mixed Platforms.ActiveCfg = Release|Any CPU
		{DA94741F-0A3E-492A-B398-225ED4998532}.Release|Mixed Platforms.Build.0 = Release|Any CPU
		{DA94741F-0A3E-492A-B398-225ED4998532}.Release|x86.ActiveCfg = Release|Any CPU
		{DA94741F-0A3E-492A-B398-225ED4998532}.Release|x86.Build.0 = Release|Any CPU
		{FC841185-222E-41F4-9059-D5A28613FA05}.Debug|.NET.ActiveCfg = Debug|Any CPU
		{FC841185-222E-41F4-9059-D5A28613FA05}.Debug|Any CPU.ActiveCfg = Debug|Any CPU
		{FC841185-222E-41F4-9059-D5A28613FA05}.Debug|Any CPU.Build.0 = Debug|Any CPU
		{FC841185-222E-41F4-9059-D5A28613FA05}.Debug|Mixed Platforms.ActiveCfg = Debug|Any CPU
		{FC841185-222E-41F4-9059-D5A28613FA05}.Debug|Mixed Platforms.Build.0 = Debug|Any CPU
		{FC841185-222E-41F4-9059-D5A28613FA05}.Debug|x86.ActiveCfg = Debug|Any CPU
		{FC841185-222E-41F4-9059-D5A28613FA05}.Release|.NET.ActiveCfg = Release|Any CPU
		{FC841185-222E-41F4-9059-D5A28613FA05}.Release|Any CPU.ActiveCfg = Release|Any CPU
		{FC841185-222E-41F4-9059-D5A28613FA05}.Release|Any CPU.Build.0 = Release|Any CPU
		{FC841185-222E-41F4-9059-D5A28613FA05}.Release|Mixed Platforms.ActiveCfg = Release|Any CPU
		{FC841185-222E-41F4-9059-D5A28613FA05}.Release|Mixed Platforms.Build.0 = Release|Any CPU
		{FC841185-222E-41F4-9059-D5A28613FA05}.Release|x86.ActiveCfg = Release|Any CPU
		{ED545D9D-2077-4468-87BD-1B138902E2EC}.Debug|.NET.ActiveCfg = Debug|x86
		{ED545D9D-2077-4468-87BD-1B138902E2EC}.Debug|Any CPU.ActiveCfg = Debug|x86
		{ED545D9D-2077-4468-87BD-1B138902E2EC}.Debug|Mixed Platforms.ActiveCfg = Debug|x86
		{ED545D9D-2077-4468-87BD-1B138902E2EC}.Debug|Mixed Platforms.Build.0 = Debug|x86
		{ED545D9D-2077-4468-87BD-1B138902E2EC}.Debug|x86.ActiveCfg = Debug|x86
		{ED545D9D-2077-4468-87BD-1B138902E2EC}.Release|.NET.ActiveCfg = Release|x86
		{ED545D9D-2077-4468-87BD-1B138902E2EC}.Release|Any CPU.ActiveCfg = Release|x86
		{ED545D9D-2077-4468-87BD-1B138902E2EC}.Release|Mixed Platforms.ActiveCfg = Release|x86
		{ED545D9D-2077-4468-87BD-1B138902E2EC}.Release|Mixed Platforms.Build.0 = Release|x86
		{ED545D9D-2077-4468-87BD-1B138902E2EC}.Release|x86.ActiveCfg = Release|x86
		{ED545D9D-2077-4468-87BD-1B138902E2EC}.Release|x86.Build.0 = Release|x86
		{810E3EE7-4E46-4DEC-85ED-2AAA53D5C531}.Debug|.NET.ActiveCfg = Debug|Any CPU
		{810E3EE7-4E46-4DEC-85ED-2AAA53D5C531}.Debug|Any CPU.ActiveCfg = Debug|Any CPU
		{810E3EE7-4E46-4DEC-85ED-2AAA53D5C531}.Debug|Any CPU.Build.0 = Debug|Any CPU
		{810E3EE7-4E46-4DEC-85ED-2AAA53D5C531}.Debug|Mixed Platforms.ActiveCfg = Debug|Any CPU
		{810E3EE7-4E46-4DEC-85ED-2AAA53D5C531}.Debug|Mixed Platforms.Build.0 = Debug|Any CPU
		{810E3EE7-4E46-4DEC-85ED-2AAA53D5C531}.Debug|x86.ActiveCfg = Debug|Any CPU
		{810E3EE7-4E46-4DEC-85ED-2AAA53D5C531}.Release|.NET.ActiveCfg = Release|Any CPU
		{810E3EE7-4E46-4DEC-85ED-2AAA53D5C531}.Release|Any CPU.ActiveCfg = Release|Any CPU
		{810E3EE7-4E46-4DEC-85ED-2AAA53D5C531}.Release|Any CPU.Build.0 = Release|Any CPU
		{810E3EE7-4E46-4DEC-85ED-2AAA53D5C531}.Release|Mixed Platforms.ActiveCfg = Release|Any CPU
		{810E3EE7-4E46-4DEC-85ED-2AAA53D5C531}.Release|Mixed Platforms.Build.0 = Release|Any CPU
		{810E3EE7-4E46-4DEC-85ED-2AAA53D5C531}.Release|x86.ActiveCfg = Release|Any CPU
		{88C68179-9BB1-4A08-92E7-7B003449A2AE}.Debug|.NET.ActiveCfg = Debug|Any CPU
		{88C68179-9BB1-4A08-92E7-7B003449A2AE}.Debug|Any CPU.ActiveCfg = Debug|Any CPU
		{88C68179-9BB1-4A08-92E7-7B003449A2AE}.Debug|Any CPU.Build.0 = Debug|Any CPU
		{88C68179-9BB1-4A08-92E7-7B003449A2AE}.Debug|Mixed Platforms.ActiveCfg = Debug|Any CPU
		{88C68179-9BB1-4A08-92E7-7B003449A2AE}.Debug|Mixed Platforms.Build.0 = Debug|Any CPU
		{88C68179-9BB1-4A08-92E7-7B003449A2AE}.Debug|x86.ActiveCfg = Debug|Any CPU
		{88C68179-9BB1-4A08-92E7-7B003449A2AE}.Release|.NET.ActiveCfg = Release|Any CPU
		{88C68179-9BB1-4A08-92E7-7B003449A2AE}.Release|Any CPU.ActiveCfg = Release|Any CPU
		{88C68179-9BB1-4A08-92E7-7B003449A2AE}.Release|Any CPU.Build.0 = Release|Any CPU
		{88C68179-9BB1-4A08-92E7-7B003449A2AE}.Release|Mixed Platforms.ActiveCfg = Release|Any CPU
		{88C68179-9BB1-4A08-92E7-7B003449A2AE}.Release|Mixed Platforms.Build.0 = Release|Any CPU
		{88C68179-9BB1-4A08-92E7-7B003449A2AE}.Release|x86.ActiveCfg = Release|Any CPU
		{88C68179-9BB1-4A08-92E7-7B003449A2AE}.Release|x86.Build.0 = Release|Any CPU
		{67CBC824-A49E-4E9B-A947-360F3DFE65C3}.Debug|.NET.ActiveCfg = Debug|Any CPU
		{67CBC824-A49E-4E9B-A947-360F3DFE65C3}.Debug|Any CPU.ActiveCfg = Debug|Any CPU
		{67CBC824-A49E-4E9B-A947-360F3DFE65C3}.Debug|Any CPU.Build.0 = Debug|Any CPU
		{67CBC824-A49E-4E9B-A947-360F3DFE65C3}.Debug|Any CPU.Deploy.0 = Debug|Any CPU
		{67CBC824-A49E-4E9B-A947-360F3DFE65C3}.Debug|Mixed Platforms.ActiveCfg = Debug|Any CPU
		{67CBC824-A49E-4E9B-A947-360F3DFE65C3}.Debug|Mixed Platforms.Build.0 = Debug|Any CPU
		{67CBC824-A49E-4E9B-A947-360F3DFE65C3}.Debug|x86.ActiveCfg = Debug|Any CPU
		{67CBC824-A49E-4E9B-A947-360F3DFE65C3}.Release|.NET.ActiveCfg = Release|Any CPU
		{67CBC824-A49E-4E9B-A947-360F3DFE65C3}.Release|Any CPU.ActiveCfg = Release|Any CPU
		{67CBC824-A49E-4E9B-A947-360F3DFE65C3}.Release|Any CPU.Build.0 = Release|Any CPU
		{67CBC824-A49E-4E9B-A947-360F3DFE65C3}.Release|Any CPU.Deploy.0 = Release|Any CPU
		{67CBC824-A49E-4E9B-A947-360F3DFE65C3}.Release|Mixed Platforms.ActiveCfg = Release|Any CPU
		{67CBC824-A49E-4E9B-A947-360F3DFE65C3}.Release|Mixed Platforms.Build.0 = Release|Any CPU
		{67CBC824-A49E-4E9B-A947-360F3DFE65C3}.Release|Mixed Platforms.Deploy.0 = Release|Any CPU
		{67CBC824-A49E-4E9B-A947-360F3DFE65C3}.Release|x86.ActiveCfg = Release|Any CPU
		{18F0CB07-90C3-4DAC-9241-3F13052FBEED}.Debug|.NET.ActiveCfg = Debug|Any CPU
		{18F0CB07-90C3-4DAC-9241-3F13052FBEED}.Debug|Any CPU.ActiveCfg = Debug|Any CPU
		{18F0CB07-90C3-4DAC-9241-3F13052FBEED}.Debug|Any CPU.Build.0 = Debug|Any CPU
		{18F0CB07-90C3-4DAC-9241-3F13052FBEED}.Debug|Mixed Platforms.ActiveCfg = Debug|Any CPU
		{18F0CB07-90C3-4DAC-9241-3F13052FBEED}.Debug|Mixed Platforms.Build.0 = Debug|Any CPU
		{18F0CB07-90C3-4DAC-9241-3F13052FBEED}.Debug|x86.ActiveCfg = Debug|Any CPU
		{18F0CB07-90C3-4DAC-9241-3F13052FBEED}.Release|.NET.ActiveCfg = Release|Any CPU
		{18F0CB07-90C3-4DAC-9241-3F13052FBEED}.Release|Any CPU.ActiveCfg = Release|Any CPU
		{18F0CB07-90C3-4DAC-9241-3F13052FBEED}.Release|Any CPU.Build.0 = Release|Any CPU
		{18F0CB07-90C3-4DAC-9241-3F13052FBEED}.Release|Mixed Platforms.ActiveCfg = Release|Any CPU
		{18F0CB07-90C3-4DAC-9241-3F13052FBEED}.Release|Mixed Platforms.Build.0 = Release|Any CPU
		{18F0CB07-90C3-4DAC-9241-3F13052FBEED}.Release|x86.ActiveCfg = Release|Any CPU
		{9813D3AA-2725-4061-8FDA-4F937651D63C}.Debug|.NET.ActiveCfg = Debug|Any CPU
		{9813D3AA-2725-4061-8FDA-4F937651D63C}.Debug|Any CPU.ActiveCfg = Debug|Any CPU
		{9813D3AA-2725-4061-8FDA-4F937651D63C}.Debug|Any CPU.Build.0 = Debug|Any CPU
		{9813D3AA-2725-4061-8FDA-4F937651D63C}.Debug|Mixed Platforms.ActiveCfg = Debug|Any CPU
		{9813D3AA-2725-4061-8FDA-4F937651D63C}.Debug|Mixed Platforms.Build.0 = Debug|Any CPU
		{9813D3AA-2725-4061-8FDA-4F937651D63C}.Debug|x86.ActiveCfg = Debug|Any CPU
		{9813D3AA-2725-4061-8FDA-4F937651D63C}.Release|.NET.ActiveCfg = Release|Any CPU
		{9813D3AA-2725-4061-8FDA-4F937651D63C}.Release|Any CPU.ActiveCfg = Release|Any CPU
		{9813D3AA-2725-4061-8FDA-4F937651D63C}.Release|Any CPU.Build.0 = Release|Any CPU
		{9813D3AA-2725-4061-8FDA-4F937651D63C}.Release|Mixed Platforms.ActiveCfg = Release|Any CPU
		{9813D3AA-2725-4061-8FDA-4F937651D63C}.Release|Mixed Platforms.Build.0 = Release|Any CPU
		{9813D3AA-2725-4061-8FDA-4F937651D63C}.Release|x86.ActiveCfg = Release|Any CPU
		{9813D3AA-2725-4061-8FDA-4F937651D63C}.Release|x86.Build.0 = Release|Any CPU
		{4CBAE4B5-2073-43AB-9EC4-981D2CA31DCC}.Debug|.NET.ActiveCfg = Debug|Any CPU
		{4CBAE4B5-2073-43AB-9EC4-981D2CA31DCC}.Debug|Any CPU.ActiveCfg = Debug|Any CPU
		{4CBAE4B5-2073-43AB-9EC4-981D2CA31DCC}.Debug|Any CPU.Build.0 = Debug|Any CPU
		{4CBAE4B5-2073-43AB-9EC4-981D2CA31DCC}.Debug|Mixed Platforms.ActiveCfg = Debug|Any CPU
		{4CBAE4B5-2073-43AB-9EC4-981D2CA31DCC}.Debug|Mixed Platforms.Build.0 = Debug|Any CPU
		{4CBAE4B5-2073-43AB-9EC4-981D2CA31DCC}.Debug|x86.ActiveCfg = Debug|Any CPU
		{4CBAE4B5-2073-43AB-9EC4-981D2CA31DCC}.Release|.NET.ActiveCfg = Release|Any CPU
		{4CBAE4B5-2073-43AB-9EC4-981D2CA31DCC}.Release|Any CPU.ActiveCfg = Release|Any CPU
		{4CBAE4B5-2073-43AB-9EC4-981D2CA31DCC}.Release|Any CPU.Build.0 = Release|Any CPU
		{4CBAE4B5-2073-43AB-9EC4-981D2CA31DCC}.Release|Mixed Platforms.ActiveCfg = Release|Any CPU
		{4CBAE4B5-2073-43AB-9EC4-981D2CA31DCC}.Release|Mixed Platforms.Build.0 = Release|Any CPU
		{4CBAE4B5-2073-43AB-9EC4-981D2CA31DCC}.Release|x86.ActiveCfg = Release|Any CPU
		{75D37B92-76F5-4C25-AF1A-394619DE4835}.Debug|.NET.ActiveCfg = Debug|Any CPU
		{75D37B92-76F5-4C25-AF1A-394619DE4835}.Debug|Any CPU.ActiveCfg = Debug|Any CPU
		{75D37B92-76F5-4C25-AF1A-394619DE4835}.Debug|Any CPU.Build.0 = Debug|Any CPU
		{75D37B92-76F5-4C25-AF1A-394619DE4835}.Debug|Mixed Platforms.ActiveCfg = Debug|Any CPU
		{75D37B92-76F5-4C25-AF1A-394619DE4835}.Debug|Mixed Platforms.Build.0 = Debug|Any CPU
		{75D37B92-76F5-4C25-AF1A-394619DE4835}.Debug|x86.ActiveCfg = Debug|Any CPU
		{75D37B92-76F5-4C25-AF1A-394619DE4835}.Release|.NET.ActiveCfg = Release|Any CPU
		{75D37B92-76F5-4C25-AF1A-394619DE4835}.Release|Any CPU.ActiveCfg = Release|Any CPU
		{75D37B92-76F5-4C25-AF1A-394619DE4835}.Release|Any CPU.Build.0 = Release|Any CPU
		{75D37B92-76F5-4C25-AF1A-394619DE4835}.Release|Mixed Platforms.ActiveCfg = Release|Any CPU
		{75D37B92-76F5-4C25-AF1A-394619DE4835}.Release|Mixed Platforms.Build.0 = Release|Any CPU
		{75D37B92-76F5-4C25-AF1A-394619DE4835}.Release|x86.ActiveCfg = Release|Any CPU
		{E7C7F8AC-A57A-47A4-84CD-A0DDB2FD9C53}.Debug|.NET.ActiveCfg = Debug|Any CPU
		{E7C7F8AC-A57A-47A4-84CD-A0DDB2FD9C53}.Debug|Any CPU.ActiveCfg = Debug|Any CPU
		{E7C7F8AC-A57A-47A4-84CD-A0DDB2FD9C53}.Debug|Any CPU.Build.0 = Debug|Any CPU
		{E7C7F8AC-A57A-47A4-84CD-A0DDB2FD9C53}.Debug|Mixed Platforms.ActiveCfg = Debug|Any CPU
		{E7C7F8AC-A57A-47A4-84CD-A0DDB2FD9C53}.Debug|Mixed Platforms.Build.0 = Debug|Any CPU
		{E7C7F8AC-A57A-47A4-84CD-A0DDB2FD9C53}.Debug|x86.ActiveCfg = Debug|Any CPU
		{E7C7F8AC-A57A-47A4-84CD-A0DDB2FD9C53}.Release|.NET.ActiveCfg = Release|Any CPU
		{E7C7F8AC-A57A-47A4-84CD-A0DDB2FD9C53}.Release|Any CPU.ActiveCfg = Release|Any CPU
		{E7C7F8AC-A57A-47A4-84CD-A0DDB2FD9C53}.Release|Any CPU.Build.0 = Release|Any CPU
		{E7C7F8AC-A57A-47A4-84CD-A0DDB2FD9C53}.Release|Mixed Platforms.ActiveCfg = Release|Any CPU
		{E7C7F8AC-A57A-47A4-84CD-A0DDB2FD9C53}.Release|Mixed Platforms.Build.0 = Release|Any CPU
		{E7C7F8AC-A57A-47A4-84CD-A0DDB2FD9C53}.Release|x86.ActiveCfg = Release|Any CPU
		{A800354C-F064-4836-9178-1DC7B752822E}.Debug|.NET.ActiveCfg = Debug|Any CPU
		{A800354C-F064-4836-9178-1DC7B752822E}.Debug|Any CPU.ActiveCfg = Debug|Any CPU
		{A800354C-F064-4836-9178-1DC7B752822E}.Debug|Any CPU.Build.0 = Debug|Any CPU
		{A800354C-F064-4836-9178-1DC7B752822E}.Debug|Mixed Platforms.ActiveCfg = Debug|Any CPU
		{A800354C-F064-4836-9178-1DC7B752822E}.Debug|Mixed Platforms.Build.0 = Debug|Any CPU
		{A800354C-F064-4836-9178-1DC7B752822E}.Debug|x86.ActiveCfg = Debug|Any CPU
		{A800354C-F064-4836-9178-1DC7B752822E}.Release|.NET.ActiveCfg = Release|Any CPU
		{A800354C-F064-4836-9178-1DC7B752822E}.Release|Any CPU.ActiveCfg = Release|Any CPU
		{A800354C-F064-4836-9178-1DC7B752822E}.Release|Any CPU.Build.0 = Release|Any CPU
		{A800354C-F064-4836-9178-1DC7B752822E}.Release|Mixed Platforms.ActiveCfg = Release|Any CPU
		{A800354C-F064-4836-9178-1DC7B752822E}.Release|Mixed Platforms.Build.0 = Release|Any CPU
		{A800354C-F064-4836-9178-1DC7B752822E}.Release|x86.ActiveCfg = Release|Any CPU
		{C5619B46-0E57-4C27-A365-03164DF22CC6}.Debug|.NET.ActiveCfg = Debug|Any CPU
		{C5619B46-0E57-4C27-A365-03164DF22CC6}.Debug|Any CPU.ActiveCfg = Debug|Any CPU
		{C5619B46-0E57-4C27-A365-03164DF22CC6}.Debug|Any CPU.Build.0 = Debug|Any CPU
		{C5619B46-0E57-4C27-A365-03164DF22CC6}.Debug|Mixed Platforms.ActiveCfg = Debug|Any CPU
		{C5619B46-0E57-4C27-A365-03164DF22CC6}.Debug|Mixed Platforms.Build.0 = Debug|Any CPU
		{C5619B46-0E57-4C27-A365-03164DF22CC6}.Debug|x86.ActiveCfg = Debug|Any CPU
		{C5619B46-0E57-4C27-A365-03164DF22CC6}.Release|.NET.ActiveCfg = Release|Any CPU
		{C5619B46-0E57-4C27-A365-03164DF22CC6}.Release|Any CPU.ActiveCfg = Release|Any CPU
		{C5619B46-0E57-4C27-A365-03164DF22CC6}.Release|Any CPU.Build.0 = Release|Any CPU
		{C5619B46-0E57-4C27-A365-03164DF22CC6}.Release|Mixed Platforms.ActiveCfg = Release|Any CPU
		{C5619B46-0E57-4C27-A365-03164DF22CC6}.Release|Mixed Platforms.Build.0 = Release|Any CPU
		{C5619B46-0E57-4C27-A365-03164DF22CC6}.Release|x86.ActiveCfg = Release|Any CPU
		{C5619B46-0E57-4C27-A365-03164DF22CC6}.Release|x86.Build.0 = Release|Any CPU
		{2B244CBF-51A8-46FC-9983-3837462A5535}.Debug|.NET.ActiveCfg = Debug|Any CPU
		{2B244CBF-51A8-46FC-9983-3837462A5535}.Debug|Any CPU.ActiveCfg = Debug|Any CPU
		{2B244CBF-51A8-46FC-9983-3837462A5535}.Debug|Any CPU.Build.0 = Debug|Any CPU
		{2B244CBF-51A8-46FC-9983-3837462A5535}.Debug|Mixed Platforms.ActiveCfg = Debug|Any CPU
		{2B244CBF-51A8-46FC-9983-3837462A5535}.Debug|Mixed Platforms.Build.0 = Debug|Any CPU
		{2B244CBF-51A8-46FC-9983-3837462A5535}.Debug|Mixed Platforms.Deploy.0 = Debug|Any CPU
		{2B244CBF-51A8-46FC-9983-3837462A5535}.Debug|x86.ActiveCfg = Debug|Any CPU
		{2B244CBF-51A8-46FC-9983-3837462A5535}.Release|.NET.ActiveCfg = Release|Any CPU
		{2B244CBF-51A8-46FC-9983-3837462A5535}.Release|Any CPU.ActiveCfg = Release|Any CPU
		{2B244CBF-51A8-46FC-9983-3837462A5535}.Release|Any CPU.Build.0 = Release|Any CPU
		{2B244CBF-51A8-46FC-9983-3837462A5535}.Release|Mixed Platforms.ActiveCfg = Release|Any CPU
		{2B244CBF-51A8-46FC-9983-3837462A5535}.Release|Mixed Platforms.Build.0 = Release|Any CPU
		{2B244CBF-51A8-46FC-9983-3837462A5535}.Release|x86.ActiveCfg = Release|Any CPU
		{2B244CBF-51A8-46FC-9983-3837462A5535}.Release|x86.Build.0 = Release|Any CPU
		{CD4C4379-ECC7-4EB1-9560-AE7515E81CF8}.Debug|.NET.ActiveCfg = Debug|Any CPU
		{CD4C4379-ECC7-4EB1-9560-AE7515E81CF8}.Debug|Any CPU.ActiveCfg = Debug|Any CPU
		{CD4C4379-ECC7-4EB1-9560-AE7515E81CF8}.Debug|Any CPU.Build.0 = Debug|Any CPU
		{CD4C4379-ECC7-4EB1-9560-AE7515E81CF8}.Debug|Mixed Platforms.ActiveCfg = Debug|Any CPU
		{CD4C4379-ECC7-4EB1-9560-AE7515E81CF8}.Debug|Mixed Platforms.Build.0 = Debug|Any CPU
		{CD4C4379-ECC7-4EB1-9560-AE7515E81CF8}.Debug|x86.ActiveCfg = Debug|Any CPU
		{CD4C4379-ECC7-4EB1-9560-AE7515E81CF8}.Release|.NET.ActiveCfg = Release|Any CPU
		{CD4C4379-ECC7-4EB1-9560-AE7515E81CF8}.Release|Any CPU.ActiveCfg = Release|Any CPU
		{CD4C4379-ECC7-4EB1-9560-AE7515E81CF8}.Release|Any CPU.Build.0 = Release|Any CPU
		{CD4C4379-ECC7-4EB1-9560-AE7515E81CF8}.Release|Mixed Platforms.ActiveCfg = Release|Any CPU
		{CD4C4379-ECC7-4EB1-9560-AE7515E81CF8}.Release|Mixed Platforms.Build.0 = Release|Any CPU
		{CD4C4379-ECC7-4EB1-9560-AE7515E81CF8}.Release|x86.ActiveCfg = Release|Any CPU
		{CD4C4379-ECC7-4EB1-9560-AE7515E81CF8}.Release|x86.Build.0 = Release|Any CPU
		{AF86DA73-653C-42EA-B9BA-074135F25F9D}.Debug|.NET.ActiveCfg = Debug|Any CPU
		{AF86DA73-653C-42EA-B9BA-074135F25F9D}.Debug|Any CPU.ActiveCfg = Debug|Any CPU
		{AF86DA73-653C-42EA-B9BA-074135F25F9D}.Debug|Any CPU.Build.0 = Debug|Any CPU
		{AF86DA73-653C-42EA-B9BA-074135F25F9D}.Debug|Mixed Platforms.ActiveCfg = Debug|Any CPU
		{AF86DA73-653C-42EA-B9BA-074135F25F9D}.Debug|Mixed Platforms.Build.0 = Debug|Any CPU
		{AF86DA73-653C-42EA-B9BA-074135F25F9D}.Debug|x86.ActiveCfg = Debug|Any CPU
		{AF86DA73-653C-42EA-B9BA-074135F25F9D}.Release|.NET.ActiveCfg = Release|Any CPU
		{AF86DA73-653C-42EA-B9BA-074135F25F9D}.Release|Any CPU.ActiveCfg = Release|Any CPU
		{AF86DA73-653C-42EA-B9BA-074135F25F9D}.Release|Any CPU.Build.0 = Release|Any CPU
		{AF86DA73-653C-42EA-B9BA-074135F25F9D}.Release|Mixed Platforms.ActiveCfg = Release|Any CPU
		{AF86DA73-653C-42EA-B9BA-074135F25F9D}.Release|Mixed Platforms.Build.0 = Release|Any CPU
		{AF86DA73-653C-42EA-B9BA-074135F25F9D}.Release|x86.ActiveCfg = Release|Any CPU
		{AF86DA73-653C-42EA-B9BA-074135F25F9D}.Release|x86.Build.0 = Release|Any CPU
		{E43FD0B2-AF54-49AD-9FCD-BC3B67EE16F9}.Debug|.NET.ActiveCfg = Debug|Any CPU
		{E43FD0B2-AF54-49AD-9FCD-BC3B67EE16F9}.Debug|Any CPU.ActiveCfg = Debug|Any CPU
		{E43FD0B2-AF54-49AD-9FCD-BC3B67EE16F9}.Debug|Any CPU.Build.0 = Debug|Any CPU
		{E43FD0B2-AF54-49AD-9FCD-BC3B67EE16F9}.Debug|Mixed Platforms.ActiveCfg = Debug|Any CPU
		{E43FD0B2-AF54-49AD-9FCD-BC3B67EE16F9}.Debug|Mixed Platforms.Build.0 = Debug|Any CPU
		{E43FD0B2-AF54-49AD-9FCD-BC3B67EE16F9}.Debug|x86.ActiveCfg = Debug|Any CPU
		{E43FD0B2-AF54-49AD-9FCD-BC3B67EE16F9}.Release|.NET.ActiveCfg = Release|Any CPU
		{E43FD0B2-AF54-49AD-9FCD-BC3B67EE16F9}.Release|Any CPU.ActiveCfg = Release|Any CPU
		{E43FD0B2-AF54-49AD-9FCD-BC3B67EE16F9}.Release|Any CPU.Build.0 = Release|Any CPU
		{E43FD0B2-AF54-49AD-9FCD-BC3B67EE16F9}.Release|Mixed Platforms.ActiveCfg = Release|Any CPU
		{E43FD0B2-AF54-49AD-9FCD-BC3B67EE16F9}.Release|Mixed Platforms.Build.0 = Release|Any CPU
		{E43FD0B2-AF54-49AD-9FCD-BC3B67EE16F9}.Release|x86.ActiveCfg = Release|Any CPU
		{E43FD0B2-AF54-49AD-9FCD-BC3B67EE16F9}.Release|x86.Build.0 = Release|Any CPU
		{EACEEB30-0805-4B43-8797-46FEDFA28AC5}.Debug|.NET.ActiveCfg = Debug|Any CPU
		{EACEEB30-0805-4B43-8797-46FEDFA28AC5}.Debug|Any CPU.ActiveCfg = Debug|Any CPU
		{EACEEB30-0805-4B43-8797-46FEDFA28AC5}.Debug|Any CPU.Build.0 = Debug|Any CPU
		{EACEEB30-0805-4B43-8797-46FEDFA28AC5}.Debug|Mixed Platforms.ActiveCfg = Debug|Any CPU
		{EACEEB30-0805-4B43-8797-46FEDFA28AC5}.Debug|Mixed Platforms.Build.0 = Debug|Any CPU
		{EACEEB30-0805-4B43-8797-46FEDFA28AC5}.Debug|x86.ActiveCfg = Debug|Any CPU
		{EACEEB30-0805-4B43-8797-46FEDFA28AC5}.Release|.NET.ActiveCfg = Release|Any CPU
		{EACEEB30-0805-4B43-8797-46FEDFA28AC5}.Release|Any CPU.ActiveCfg = Release|Any CPU
		{EACEEB30-0805-4B43-8797-46FEDFA28AC5}.Release|Any CPU.Build.0 = Release|Any CPU
		{EACEEB30-0805-4B43-8797-46FEDFA28AC5}.Release|Mixed Platforms.ActiveCfg = Release|Any CPU
		{EACEEB30-0805-4B43-8797-46FEDFA28AC5}.Release|Mixed Platforms.Build.0 = Release|Any CPU
		{EACEEB30-0805-4B43-8797-46FEDFA28AC5}.Release|x86.ActiveCfg = Release|Any CPU
		{EACEEB30-0805-4B43-8797-46FEDFA28AC5}.Release|x86.Build.0 = Release|Any CPU
		{F38B9A37-4DB3-4E9C-9684-AECFDE02696B}.Debug|.NET.ActiveCfg = Debug|Any CPU
		{F38B9A37-4DB3-4E9C-9684-AECFDE02696B}.Debug|Any CPU.ActiveCfg = Debug|Any CPU
		{F38B9A37-4DB3-4E9C-9684-AECFDE02696B}.Debug|Any CPU.Build.0 = Debug|Any CPU
		{F38B9A37-4DB3-4E9C-9684-AECFDE02696B}.Debug|Mixed Platforms.ActiveCfg = Debug|Any CPU
		{F38B9A37-4DB3-4E9C-9684-AECFDE02696B}.Debug|Mixed Platforms.Build.0 = Debug|Any CPU
		{F38B9A37-4DB3-4E9C-9684-AECFDE02696B}.Debug|x86.ActiveCfg = Debug|Any CPU
		{F38B9A37-4DB3-4E9C-9684-AECFDE02696B}.Release|.NET.ActiveCfg = Release|Any CPU
		{F38B9A37-4DB3-4E9C-9684-AECFDE02696B}.Release|Any CPU.ActiveCfg = Release|Any CPU
		{F38B9A37-4DB3-4E9C-9684-AECFDE02696B}.Release|Any CPU.Build.0 = Release|Any CPU
		{F38B9A37-4DB3-4E9C-9684-AECFDE02696B}.Release|Mixed Platforms.ActiveCfg = Release|Any CPU
		{F38B9A37-4DB3-4E9C-9684-AECFDE02696B}.Release|Mixed Platforms.Build.0 = Release|Any CPU
		{F38B9A37-4DB3-4E9C-9684-AECFDE02696B}.Release|x86.ActiveCfg = Release|Any CPU
	EndGlobalSection
	GlobalSection(SolutionProperties) = preSolution
		HideSolutionNode = FALSE
	EndGlobalSection
EndGlobal
